
Microsoft Visual Studio Solution File, Format Version 12.00
# Visual Studio Version 17
VisualStudioVersion = 17.5.002.0
MinimumVisualStudioVersion = 10.0.40219.1
Project("{9A19103F-16F7-4668-BE54-9A1E7A4F7556}") = "dotnet", "dotnet.csproj", "{BE7C95F4-D110-4965-A36D-0E5F6952696F}"
EndProject
Global
	GlobalSection(SolutionConfigurationPlatforms) = preSolution
		Debug|Any CPU = Debug|Any CPU
		Release|Any CPU = Release|Any CPU
	EndGlobalSection
	GlobalSection(ProjectConfigurationPlatforms) = postSolution
		{BE7C95F4-D110-4965-A36D-0E5F6952696F}.Debug|Any CPU.ActiveCfg = Debug|Any CPU
		{BE7C95F4-D110-4965-A36D-0E5F6952696F}.Debug|Any CPU.Build.0 = Debug|Any CPU
		{BE7C95F4-D110-4965-A36D-0E5F6952696F}.Release|Any CPU.ActiveCfg = Release|Any CPU
		{BE7C95F4-D110-4965-A36D-0E5F6952696F}.Release|Any CPU.Build.0 = Release|Any CPU
	EndGlobalSection
	GlobalSection(SolutionProperties) = preSolution
		HideSolutionNode = FALSE
	EndGlobalSection
	GlobalSection(ExtensibilityGlobals) = postSolution
		SolutionGuid = {6DAF4972-618A-4CF6-927B-B4FFC5197ECF}
	EndGlobalSection
EndGlobal
